PODS:
  - Alamofire (4.9.1)
  - IQKeyboardManagerSwift (6.5.5)
  - MarqueeLabel (4.0.2)
  - SDWebImage (5.8.1):
    - SDWebImage/Core (= 5.8.1)
  - SDWebImage/Core (5.8.1)
  - SQLite.swift (0.12.2):
    - SQLite.swift/standard (= 0.12.2)
  - SQLite.swift/standard (0.12.2)
  - SwiftyJSON (5.0.0)

DEPENDENCIES:
  - Alamofire (~> 4)
  - IQKeyboardManagerSwift
  - MarqueeLabel
  - SDWebImage
  - SQLite.swift
  - SwiftyJSON

SPEC REPOS:
  trunk:
    - Alamofire
    - IQKeyboardManagerSwift
    - MarqueeLabel
    - SDWebImage
    - SQLite.swift
    - SwiftyJSON

SPEC CHECKSUMS:
  Alamofire: 85e8a02c69d6020a0d734f6054870d7ecb75cf18
  IQKeyboardManagerSwift: 0fb93310284665245591f50f7a5e38de615960b7
  MarqueeLabel: f762aa681ae201f66c1d511858b171f75d83013a
  SDWebImage: e3eae2eda88578db0685a0c88597fdadd9433f05
  SQLite.swift: d2b4642190917051ce6bd1d49aab565fe794eea3
  SwiftyJSON: 36413e04c44ee145039d332b4f4e2d3e8d6c4db7

PODFILE CHECKSUM: 3c856ddbaf0d8e483d9c6dcb792ecfbc81311a34

COCOAPODS: 1.9.3
